<?xml version="1.0" encoding="utf-8"?>
<Project ToolsVersion="4.0" xmlns="http://schemas.microsoft.com/developer/msbuild/2003">
  <ItemGroup>
    <Filter Include="源文件">
      <UniqueIdentifier>{4FC737F1-C7A5-4376-A066-2A32D752A2FF}</UniqueIdentifier>
      <Extensions>cpp;c;cc;cxx;def;odl;idl;hpj;bat;asm;asmx</Extensions>
    </Filter>
    <Filter Include="头文件">
      <UniqueIdentifier>{93995380-89BD-4b04-88EB-625FBE52EBFB}</UniqueIdentifier>
      <Extensions>h;hh;hpp;hxx;hm;inl;inc;xsd</Extensions>
    </Filter>
    <Filter Include="资源文件">
      <UniqueIdentifier>{67DA6AB6-F800-4c08-8B7A-83BB121AAD01}</UniqueIdentifier>
      <Extensions>rc;ico;cur;bmp;dlg;rc2;rct;bin;rgs;gif;jpg;jpeg;jpe;resx;tiff;tif;png;wav;mfcribbon-ms</Extensions>
    </Filter>
    <Filter Include="源文件\20171015">
      <UniqueIdentifier>{f3fb1fa9-dacb-433c-8ea8-8dad7e3a17e5}</UniqueIdentifier>
    </Filter>
    <Filter Include="源文件\20171016">
      <UniqueIdentifier>{1561cd0b-362e-4f28-87a3-5614458443f5}</UniqueIdentifier>
    </Filter>
    <Filter Include="源文件\201771017">
      <UniqueIdentifier>{a1db7213-5d37-4428-9021-788a12da4ad7}</UniqueIdentifier>
    </Filter>
    <Filter Include="源文件\20171018">
      <UniqueIdentifier>{724bf42b-124b-4c14-94f7-a7b1a972a48d}</UniqueIdentifier>
    </Filter>
    <Filter Include="源文件\20171019">
      <UniqueIdentifier>{86a65536-e63e-44c7-9b90-42fa278c651c}</UniqueIdentifier>
    </Filter>
    <Filter Include="源文件\20171020">
      <UniqueIdentifier>{bf32ceef-ca6e-415c-8754-d42d464e28de}</UniqueIdentifier>
    </Filter>
    <Filter Include="源文件\20171021">
      <UniqueIdentifier>{2a145a62-9904-49c6-b09f-272a52f53fb5}</UniqueIdentifier>
    </Filter>
    <Filter Include="源文件\20171022">
      <UniqueIdentifier>{bf938d96-6ef3-403b-8f1f-baacc2659893}</UniqueIdentifier>
    </Filter>
    <Filter Include="源文件\20171024">
      <UniqueIdentifier>{6b1b3001-af22-4540-83aa-149f4b4dc216}</UniqueIdentifier>
    </Filter>
    <Filter Include="源文件\20171025">
      <UniqueIdentifier>{7a38045a-d92f-48bd-84b5-504a6f36c113}</UniqueIdentifier>
    </Filter>
    <Filter Include="源文件\20171026">
      <UniqueIdentifier>{0824a0a6-d276-475e-ac12-6c8e37a7143b}</UniqueIdentifier>
    </Filter>
  </ItemGroup>
  <ItemGroup>
    <ClCompile Include="judgeCircle.cpp">
      <Filter>源文件\20171015</Filter>
    </ClCompile>
    <ClCompile Include="hammingDistance.cpp">
      <Filter>源文件\20171015</Filter>
    </ClCompile>
    <ClCompile Include="mergeTrees.cpp">
      <Filter>源文件\20171015</Filter>
    </ClCompile>
    <ClCompile Include="arrayPairSum.cpp">
      <Filter>源文件\20171015</Filter>
    </ClCompile>
    <ClCompile Include="findComplement.cpp">
      <Filter>源文件\20171015</Filter>
    </ClCompile>
    <ClCompile Include="reverseWords.cpp">
      <Filter>源文件\20171016</Filter>
    </ClCompile>
    <ClCompile Include="findWords.cpp">
      <Filter>源文件\20171016</Filter>
    </ClCompile>
    <ClCompile Include="calPoints.cpp">
      <Filter>源文件\20171016</Filter>
    </ClCompile>
    <ClCompile Include="distrubuteCandy.cpp">
      <Filter>源文件\20171016</Filter>
    </ClCompile>
    <ClCompile Include="matrixReshape.cpp">
      <Filter>源文件\20171016</Filter>
    </ClCompile>
    <ClCompile Include="trimBST.cpp">
      <Filter>源文件\20171016</Filter>
    </ClCompile>
    <ClCompile Include="islandPerimeter.cpp">
      <Filter>源文件\20171016</Filter>
    </ClCompile>
    <ClCompile Include="nextGreaterElement.cpp">
      <Filter>源文件\20171016</Filter>
    </ClCompile>
    <ClCompile Include="averageOfLevels.cpp">
      <Filter>源文件\20171016</Filter>
    </ClCompile>
    <ClCompile Include="getImportance.cpp">
      <Filter>源文件\20171016</Filter>
    </ClCompile>
    <ClCompile Include="findLUSlength.cpp">
      <Filter>源文件\20171016</Filter>
    </ClCompile>
    <ClCompile Include="nim.cpp">
      <Filter>源文件\20171016</Filter>
    </ClCompile>
    <ClCompile Include="singlenum.cpp">
      <Filter>源文件\20171016</Filter>
    </ClCompile>
    <ClCompile Include="hasAlternatingBits.cpp">
      <Filter>源文件\20171016</Filter>
    </ClCompile>
    <ClCompile Include="main.cpp">
      <Filter>源文件</Filter>
    </ClCompile>
    <ClCompile Include="findShortestSubArray.cpp">
      <Filter>源文件\20171018</Filter>
    </ClCompile>
  </ItemGroup>
  <ItemGroup>
    <ClInclude Include="maxAreaOfIsland.h">
      <Filter>源文件\201771017</Filter>
    </ClInclude>
    <ClInclude Include="maxDepth.h">
      <Filter>源文件\201771017</Filter>
    </ClInclude>
    <ClInclude Include="detectCapitalUse.h">
      <Filter>源文件\201771017</Filter>
    </ClInclude>
    <ClInclude Include="invertTree.h">
      <Filter>源文件\201771017</Filter>
    </ClInclude>
    <ClInclude Include="addDigits.h">
      <Filter>源文件\201771017</Filter>
    </ClInclude>
    <ClInclude Include="findDisappearedNumbers.h">
      <Filter>源文件\201771017</Filter>
    </ClInclude>
    <ClInclude Include="findDuplicates.h">
      <Filter>源文件\201771017</Filter>
    </ClInclude>
    <ClInclude Include="getSum.h">
      <Filter>源文件\201771017</Filter>
    </ClInclude>
    <ClInclude Include="findTheDifference.h">
      <Filter>源文件\201771017</Filter>
    </ClInclude>
    <ClInclude Include="findTarget.h">
      <Filter>源文件\201771017</Filter>
    </ClInclude>
    <ClInclude Include="moveZeroes.h">
      <Filter>源文件\201771017</Filter>
    </ClInclude>
    <ClInclude Include="tree2str.h">
      <Filter>源文件\201771017</Filter>
    </ClInclude>
    <ClInclude Include="convertBST.h">
      <Filter>源文件\201771017</Filter>
    </ClInclude>
    <ClInclude Include="constructRectangle.h">
      <Filter>源文件\20171018</Filter>
    </ClInclude>
    <ClInclude Include="maxCount.h">
      <Filter>源文件\20171018</Filter>
    </ClInclude>
    <ClInclude Include="titleToNumber.h">
      <Filter>源文件\20171018</Filter>
    </ClInclude>
    <ClInclude Include="minMoves.h">
      <Filter>源文件\20171018</Filter>
    </ClInclude>
    <ClInclude Include="intersection.h">
      <Filter>源文件\20171018</Filter>
    </ClInclude>
    <ClInclude Include="maxProfit.h">
      <Filter>源文件\20171018</Filter>
    </ClInclude>
    <ClInclude Include="canConstruct.h">
      <Filter>源文件\20171018</Filter>
    </ClInclude>
    <ClInclude Include="getMinimumDifference.h">
      <Filter>源文件\20171018</Filter>
    </ClInclude>
    <ClInclude Include="sumOfLeftLeaves.h">
      <Filter>源文件\20171018</Filter>
    </ClInclude>
    <ClInclude Include="twoSum.h">
      <Filter>源文件\20171018</Filter>
    </ClInclude>
    <ClInclude Include="findContentChildren.h">
      <Filter>源文件\20171019</Filter>
    </ClInclude>
    <ClInclude Include="findTilt.h">
      <Filter>源文件\20171019</Filter>
    </ClInclude>
    <ClInclude Include="majorityElement.h">
      <Filter>源文件\20171019</Filter>
    </ClInclude>
    <ClInclude Include="firstUniqChar.h">
      <Filter>源文件\20171019</Filter>
    </ClInclude>
    <ClInclude Include="deleteNode.h">
      <Filter>源文件\20171019</Filter>
    </ClInclude>
    <ClInclude Include="isSameTree.h">
      <Filter>源文件\20171019</Filter>
    </ClInclude>
    <ClInclude Include="isAnagram.h">
      <Filter>源文件\20171019</Filter>
    </ClInclude>
    <ClInclude Include="findRelativeRanks.h">
      <Filter>源文件\20171019</Filter>
    </ClInclude>
    <ClInclude Include="findRestaurant.h">
      <Filter>源文件\20171019</Filter>
    </ClInclude>
    <ClInclude Include="containsDuplicate.h">
      <Filter>源文件\20171019</Filter>
    </ClInclude>
    <ClInclude Include="reverseList.h">
      <Filter>源文件\20171019</Filter>
    </ClInclude>
    <ClInclude Include="longestPalindrome.h">
      <Filter>源文件\20171019</Filter>
    </ClInclude>
    <ClInclude Include="maximumProduct.h">
      <Filter>源文件\20171020</Filter>
    </ClInclude>
    <ClInclude Include="intersect.h">
      <Filter>源文件\20171020</Filter>
    </ClInclude>
    <ClInclude Include="diameterOfBinaryTree.h">
      <Filter>源文件\20171020</Filter>
    </ClInclude>
    <ClInclude Include="missingNumber.h">
      <Filter>源文件\20171020</Filter>
    </ClInclude>
    <ClInclude Include="convertToBase7.h">
      <Filter>源文件\20171020</Filter>
    </ClInclude>
    <ClInclude Include="checkRecord.h">
      <Filter>源文件\20171020</Filter>
    </ClInclude>
    <ClInclude Include="reverseStr.h">
      <Filter>源文件\20171020</Filter>
    </ClInclude>
    <ClInclude Include="findLengthOfLCIS.h">
      <Filter>源文件\20171020</Filter>
    </ClInclude>
    <ClInclude Include="sortedArrayToBST.h">
      <Filter>源文件\20171020</Filter>
    </ClInclude>
    <ClInclude Include="findSecondMinimumValue.h">
      <Filter>源文件\20171020</Filter>
    </ClInclude>
    <ClInclude Include="addStrings.h">
      <Filter>源文件\20171020</Filter>
    </ClInclude>
    <ClInclude Include="toHex.h">
      <Filter>源文件\20171020</Filter>
    </ClInclude>
    <ClInclude Include="findLHS.h">
      <Filter>源文件\20171020</Filter>
    </ClInclude>
    <ClInclude Include="isHappy.h">
      <Filter>源文件\20171020</Filter>
    </ClInclude>
    <ClInclude Include="levelOrderBottom.h">
      <Filter>源文件\20171020</Filter>
    </ClInclude>
    <ClInclude Include="isSubtree.h">
      <Filter>源文件\20171021</Filter>
    </ClInclude>
    <ClInclude Include="isPowerOfThree.h">
      <Filter>源文件\20171021</Filter>
    </ClInclude>
    <ClInclude Include="isPowerOfTwo.h">
      <Filter>源文件\20171021</Filter>
    </ClInclude>
    <ClInclude Include="climbStairs.h">
      <Filter>源文件\20171021</Filter>
    </ClInclude>
    <ClInclude Include="findErrorNums.h">
      <Filter>源文件\20171021</Filter>
    </ClInclude>
    <ClInclude Include="deleteDuplicates.h">
      <Filter>源文件\20171022</Filter>
    </ClInclude>
    <ClInclude Include="hammingWeight.h">
      <Filter>源文件\20171022</Filter>
    </ClInclude>
    <ClInclude Include="isUgly.h">
      <Filter>源文件\20171022</Filter>
    </ClInclude>
    <ClInclude Include="binaryTreePaths.h">
      <Filter>源文件\20171024</Filter>
    </ClInclude>
    <ClInclude Include="lowestCommonAncestor.h">
      <Filter>源文件\20171024</Filter>
    </ClInclude>
    <ClInclude Include="rob.h">
      <Filter>源文件\20171024</Filter>
    </ClInclude>
    <ClInclude Include="mergeTwoLists.h">
      <Filter>源文件\20171024</Filter>
    </ClInclude>
    <ClInclude Include="isSymmetric.h">
      <Filter>源文件\20171024</Filter>
    </ClInclude>
    <ClInclude Include="isPowerOfFour.h">
      <Filter>源文件\20171024</Filter>
    </ClInclude>
    <ClInclude Include="isPerfectSquare.h">
      <Filter>源文件\20171024</Filter>
    </ClInclude>
    <ClInclude Include="isBalanced.h">
      <Filter>源文件\20171024</Filter>
    </ClInclude>
    <ClInclude Include="findMaxAverage.h">
      <Filter>源文件\20171024</Filter>
    </ClInclude>
    <ClInclude Include="removeDuplicates.h">
      <Filter>源文件\20171024</Filter>
    </ClInclude>
    <ClInclude Include="MyStack.h">
      <Filter>源文件\20171025</Filter>
    </ClInclude>
    <ClInclude Include="minDepth.h">
      <Filter>源文件\20171025</Filter>
    </ClInclude>
    <ClInclude Include="wordPattern.h">
      <Filter>源文件\20171026</Filter>
    </ClInclude>
    <ClInclude Include="addBinary.h">
      <Filter>源文件\20171026</Filter>
    </ClInclude>
    <ClInclude Include="removeElements.h">
      <Filter>源文件\20171026</Filter>
    </ClInclude>
    <ClInclude Include="longestUnivaluePath.h">
      <Filter>源文件\20171026</Filter>
    </ClInclude>
    <ClInclude Include="containsNearbyDuplicate.h">
      <Filter>源文件\20171026</Filter>
    </ClInclude>
    <ClInclude Include="judgeSquareSum.h">
      <Filter>源文件\20171026</Filter>
    </ClInclude>
    <ClInclude Include="merge.h">
      <Filter>源文件\20171026</Filter>
    </ClInclude>
    <ClInclude Include="validPalindrome.h">
      <Filter>源文件\20171026</Filter>
    </ClInclude>
    <ClInclude Include="lengthOfLastWord.h">
      <Filter>源文件\20171026</Filter>
    </ClInclude>
  </ItemGroup>
</Project>